
Microsoft Visual Studio Solution File, Format Version 12.00
# Visual Studio Version 17
VisualStudioVersion = 17.0.31903.59
MinimumVisualStudioVersion = 10.0.40219.1
Project("{2150E333-8FDC-42A3-9474-1A3956D46DE8}") = "src", "src", "{827E0CD3-B72D-47B6-A68D-7590B98EB39B}"
EndProject
Project("{FAE04EC0-301F-11D3-BF4B-00C04F79EFBC}") = "OrderProcessor.FunctionApp", "src\OrderProcessor.FunctionApp\OrderProcessor.FunctionApp.csproj", "{69FC32CB-E0F3-4A7A-967F-B10CAFF509C5}"
EndProject
Project("{2150E333-8FDC-42A3-9474-1A3956D46DE8}") = "tests", "tests", "{0AB3BF05-4346-4AA6-1389-037BE0695223}"
EndProject
Project("{2150E333-8FDC-42A3-9474-1A3956D46DE8}") = "unit", "unit", "{9D556B49-86D1-93A7-9596-FFAAB74EC556}"
EndProject
Project("{FAE04EC0-301F-11D3-BF4B-00C04F79EFBC}") = "OrderProcessor.UnitTests", "tests\unit\OrderProcessor.UnitTests\OrderProcessor.UnitTests.csproj", "{54F42E91-AAC2-4C12-AEA5-4540D735616D}"
EndProject
Global
	GlobalSection(SolutionConfigurationPlatforms) = preSolution
		Debug|Any CPU = Debug|Any CPU
		Debug|x64 = Debug|x64
		Debug|x86 = Debug|x86
		Release|Any CPU = Release|Any CPU
		Release|x64 = Release|x64
		Release|x86 = Release|x86
	EndGlobalSection
	GlobalSection(ProjectConfigurationPlatforms) = postSolution
		{69FC32CB-E0F3-4A7A-967F-B10CAFF509C5}.Debug|Any CPU.ActiveCfg = Debug|Any CPU
		{69FC32CB-E0F3-4A7A-967F-B10CAFF509C5}.Debug|Any CPU.Build.0 = Debug|Any CPU
		{69FC32CB-E0F3-4A7A-967F-B10CAFF509C5}.Debug|x64.ActiveCfg = Debug|Any CPU
		{69FC32CB-E0F3-4A7A-967F-B10CAFF509C5}.Debug|x64.Build.0 = Debug|Any CPU
		{69FC32CB-E0F3-4A7A-967F-B10CAFF509C5}.Debug|x86.ActiveCfg = Debug|Any CPU
		{69FC32CB-E0F3-4A7A-967F-B10CAFF509C5}.Debug|x86.Build.0 = Debug|Any CPU
		{69FC32CB-E0F3-4A7A-967F-B10CAFF509C5}.Release|Any CPU.ActiveCfg = Release|Any CPU
		{69FC32CB-E0F3-4A7A-967F-B10CAFF509C5}.Release|Any CPU.Build.0 = Release|Any CPU
		{69FC32CB-E0F3-4A7A-967F-B10CAFF509C5}.Release|x64.ActiveCfg = Release|Any CPU
		{69FC32CB-E0F3-4A7A-967F-B10CAFF509C5}.Release|x64.Build.0 = Release|Any CPU
		{69FC32CB-E0F3-4A7A-967F-B10CAFF509C5}.Release|x86.ActiveCfg = Release|Any CPU
		{69FC32CB-E0F3-4A7A-967F-B10CAFF509C5}.Release|x86.Build.0 = Release|Any CPU
		{54F42E91-AAC2-4C12-AEA5-4540D735616D}.Debug|Any CPU.ActiveCfg = Debug|Any CPU
		{54F42E91-AAC2-4C12-AEA5-4540D735616D}.Debug|Any CPU.Build.0 = Debug|Any CPU
		{54F42E91-AAC2-4C12-AEA5-4540D735616D}.Debug|x64.ActiveCfg = Debug|Any CPU
		{54F42E91-AAC2-4C12-AEA5-4540D735616D}.Debug|x64.Build.0 = Debug|Any CPU
		{54F42E91-AAC2-4C12-AEA5-4540D735616D}.Debug|x86.ActiveCfg = Debug|Any CPU
		{54F42E91-AAC2-4C12-AEA5-4540D735616D}.Debug|x86.Build.0 = Debug|Any CPU
		{54F42E91-AAC2-4C12-AEA5-4540D735616D}.Release|Any CPU.ActiveCfg = Release|Any CPU
		{54F42E91-AAC2-4C12-AEA5-4540D735616D}.Release|Any CPU.Build.0 = Release|Any CPU
		{54F42E91-AAC2-4C12-AEA5-4540D735616D}.Release|x64.ActiveCfg = Release|Any CPU
		{54F42E91-AAC2-4C12-AEA5-4540D735616D}.Release|x64.Build.0 = Release|Any CPU
		{54F42E91-AAC2-4C12-AEA5-4540D735616D}.Release|x86.ActiveCfg = Release|Any CPU
		{54F42E91-AAC2-4C12-AEA5-4540D735616D}.Release|x86.Build.0 = Release|Any CPU
	EndGlobalSection
	GlobalSection(SolutionProperties) = preSolution
		HideSolutionNode = FALSE
	EndGlobalSection
	GlobalSection(NestedProjects) = preSolution
		{69FC32CB-E0F3-4A7A-967F-B10CAFF509C5} = {827E0CD3-B72D-47B6-A68D-7590B98EB39B}
		{9D556B49-86D1-93A7-9596-FFAAB74EC556} = {0AB3BF05-4346-4AA6-1389-037BE0695223}
		{54F42E91-AAC2-4C12-AEA5-4540D735616D} = {9D556B49-86D1-93A7-9596-FFAAB74EC556}
	EndGlobalSection
EndGlobal
